<?xml version="1.0" encoding="utf-8"?>
<Project ToolsVersion="4.0" xmlns="http://schemas.microsoft.com/developer/msbuild/2003">
  <ItemGroup>
    <Filter Include="include">
      <UniqueIdentifier>{89AF369E-F58E-B539-FEA6-40106A051C9B}</UniqueIdentifier>
    </Filter>
    <Filter Include="include\core">
      <UniqueIdentifier>{A17DD969-8DE0-680E-3666-A1C422A83491}</UniqueIdentifier>
    </Filter>
    <Filter Include="include\core\debug">
      <UniqueIdentifier>{F78C90B6-E370-510C-4CD1-4B5F38D43B8E}</UniqueIdentifier>
    </Filter>
    <Filter Include="src">
      <UniqueIdentifier>{2DAB880B-99B4-887C-2230-9F7C8E38947C}</UniqueIdentifier>
    </Filter>
    <Filter Include="src\core">
      <UniqueIdentifier>{C55F2ECF-B12C-89DA-DA45-7782C671BE68}</UniqueIdentifier>
    </Filter>
    <Filter Include="src\core\debug">
      <UniqueIdentifier>{1B7AB787-0748-AB8D-F0DB-1BB4DC4887F2}</UniqueIdentifier>
    </Filter>
  </ItemGroup>
  <ItemGroup>
    <ClInclude Include="include\EmeraldEngine.h">
      <Filter>include</Filter>
    </ClInclude>
    <ClInclude Include="include\core\Application.h">
      <Filter>include\core</Filter>
    </ClInclude>
    <ClInclude Include="include\core\EntryPoint.h">
      <Filter>include\core</Filter>
    </ClInclude>
    <ClInclude Include="include\core\debug\Log.h">
      <Filter>include\core\debug</Filter>
    </ClInclude>
    <ClInclude Include="src\core\debug\InternalLog.h">
      <Filter>src\core\debug</Filter>
    </ClInclude>
    <ClInclude Include="src\emeraldengine_pch.h">
      <Filter>src</Filter>
    </ClInclude>
    <ClInclude Include="include\core\display\Window.h" />
    <ClInclude Include="src\platform\openGL\display\OpenGLWindow.h" />
    <ClInclude Include="src\core\display\InternalWindow.h" />
    <ClInclude Include="include\platform\Platform.h" />
    <ClInclude Include="..\..\CodeCanvas\CodeCanvas\src\core\input\KeyCode.h" />
    <ClInclude Include="include\core\input\KeyCode.h" />
    <ClInclude Include="include\core\input\MousePosition.h" />
  </ItemGroup>
  <ItemGroup>
    <ClCompile Include="src\core\EntryPoint.cpp">
      <Filter>src\core</Filter>
    </ClCompile>
    <ClCompile Include="src\core\debug\Log.cpp">
      <Filter>src\core\debug</Filter>
    </ClCompile>
    <ClCompile Include="src\emeraldengine_pch.cpp">
      <Filter>src</Filter>
    </ClCompile>
    <ClCompile Include="src\platform\openGL\display\OpenGLWindow.cpp" />
  </ItemGroup>
</Project>