<?xml version="1.0" encoding="utf-8"?>
<Project ToolsVersion="4.0" xmlns="http://schemas.microsoft.com/developer/msbuild/2003">
  <ItemGroup>
    <Filter Include="include">
      <UniqueIdentifier>{89AF369E-F58E-B539-FEA6-40106A051C9B}</UniqueIdentifier>
    </Filter>
    <Filter Include="include\core">
      <UniqueIdentifier>{A17DD969-8DE0-680E-3666-A1C422A83491}</UniqueIdentifier>
    </Filter>
    <Filter Include="include\core\display">
      <UniqueIdentifier>{264E6DA7-12DD-F670-BBFB-0A6CA7690717}</UniqueIdentifier>
    </Filter>
    <Filter Include="include\core\input">
      <UniqueIdentifier>{8032F0B6-6C16-B10C-D576-AB5FC1799B8E}</UniqueIdentifier>
    </Filter>
    <Filter Include="include\core\resourceManagement">
      <UniqueIdentifier>{55F2B54E-C1D5-C48E-CAD8-F2CA363B8BDF}</UniqueIdentifier>
    </Filter>
    <Filter Include="include\core\resourceManagement\shader">
      <UniqueIdentifier>{7BA4F0F3-67F6-C7E3-5015-05F43C06E1CC}</UniqueIdentifier>
    </Filter>
    <Filter Include="include\core\resourceManagement\texture">
      <UniqueIdentifier>{D534A9B9-41C4-6AA4-4AC0-4BBCB6CEA5B0}</UniqueIdentifier>
    </Filter>
    <Filter Include="include\core\utility">
      <UniqueIdentifier>{04E5FCDC-F073-86A6-9992-9AA18500974C}</UniqueIdentifier>
    </Filter>
    <Filter Include="include\debug">
      <UniqueIdentifier>{DF8C15A5-4B4D-91DB-1488-DA588007D6B7}</UniqueIdentifier>
    </Filter>
    <Filter Include="include\platform">
      <UniqueIdentifier>{1D12BC81-090B-DBD3-323D-C0581E95BADF}</UniqueIdentifier>
    </Filter>
    <Filter Include="src">
      <UniqueIdentifier>{2DAB880B-99B4-887C-2230-9F7C8E38947C}</UniqueIdentifier>
    </Filter>
    <Filter Include="src\core">
      <UniqueIdentifier>{C55F2ECF-B12C-89DA-DA45-7782C671BE68}</UniqueIdentifier>
    </Filter>
    <Filter Include="src\core\display">
      <UniqueIdentifier>{4A14045E-360D-23B0-5F3F-08354B9702BC}</UniqueIdentifier>
    </Filter>
    <Filter Include="src\debug">
      <UniqueIdentifier>{83B306B5-EF1D-BB2B-385C-6CD1A4059980}</UniqueIdentifier>
    </Filter>
    <Filter Include="src\platform">
      <UniqueIdentifier>{41663D6D-2DC9-CC11-D64E-05C8C2909894}</UniqueIdentifier>
    </Filter>
    <Filter Include="src\platform\openGL">
      <UniqueIdentifier>{757027EB-E1D1-04F9-6A3F-4BABD69F3BB8}</UniqueIdentifier>
    </Filter>
    <Filter Include="src\platform\openGL\display">
      <UniqueIdentifier>{FAD49A3F-66E2-C825-EFC8-C4105BD594DC}</UniqueIdentifier>
    </Filter>
    <Filter Include="src\platform\openGL\resourceManagement">
      <UniqueIdentifier>{A90C2D3D-955E-042D-7E7D-413D6A6E1D16}</UniqueIdentifier>
    </Filter>
    <Filter Include="src\platform\openGL\resourceManagement\shader">
      <UniqueIdentifier>{4F58C04B-BBC8-C2C4-84E7-3C4DF016FBC5}</UniqueIdentifier>
    </Filter>
    <Filter Include="src\platform\openGL\resourceManagement\texture">
      <UniqueIdentifier>{29636F0B-15E1-BFA4-FED8-7D3CEAF501CD}</UniqueIdentifier>
    </Filter>
  </ItemGroup>
  <ItemGroup>
    <ClInclude Include="include\EmeraldEngine.h">
      <Filter>include</Filter>
    </ClInclude>
    <ClInclude Include="include\core\Application.h">
      <Filter>include\core</Filter>
    </ClInclude>
    <ClInclude Include="include\core\EntryPoint.h">
      <Filter>include\core</Filter>
    </ClInclude>
    <ClInclude Include="include\core\display\Window.h">
      <Filter>include\core\display</Filter>
    </ClInclude>
    <ClInclude Include="include\core\display\WindowProperties.h">
      <Filter>include\core\display</Filter>
    </ClInclude>
    <ClInclude Include="include\core\input\InputData.h">
      <Filter>include\core\input</Filter>
    </ClInclude>
    <ClInclude Include="include\core\input\KeyCode.h">
      <Filter>include\core\input</Filter>
    </ClInclude>
    <ClInclude Include="include\core\resourceManagement\shader\Shader.h">
      <Filter>include\core\resourceManagement\shader</Filter>
    </ClInclude>
    <ClInclude Include="include\core\resourceManagement\texture\Texture.h">
      <Filter>include\core\resourceManagement\texture</Filter>
    </ClInclude>
    <ClInclude Include="include\core\resourceManagement\texture\TextureOptions.h">
      <Filter>include\core\resourceManagement\texture</Filter>
    </ClInclude>
    <ClInclude Include="include\core\utility\NonAssignable.h">
      <Filter>include\core\utility</Filter>
    </ClInclude>
    <ClInclude Include="include\debug\Log.h">
      <Filter>include\debug</Filter>
    </ClInclude>
    <ClInclude Include="include\platform\Platform.h">
      <Filter>include\platform</Filter>
    </ClInclude>
    <ClInclude Include="src\core\display\InternalWindow.h">
      <Filter>src\core\display</Filter>
    </ClInclude>
    <ClInclude Include="src\debug\InternalLog.h">
      <Filter>src\debug</Filter>
    </ClInclude>
    <ClInclude Include="src\emeraldengine_pch.h">
      <Filter>src</Filter>
    </ClInclude>
    <ClInclude Include="src\platform\openGL\display\OpenGLWindow.h">
      <Filter>src\platform\openGL\display</Filter>
    </ClInclude>
    <ClInclude Include="src\platform\openGL\resourceManagement\shader\OpenGLShader.h">
      <Filter>src\platform\openGL\resourceManagement\shader</Filter>
    </ClInclude>
    <ClInclude Include="src\platform\openGL\resourceManagement\texture\OpenGLTexture.h">
      <Filter>src\platform\openGL\resourceManagement\texture</Filter>
    </ClInclude>
    <ClInclude Include="include\core\resourceManagement\ResourceManager.h" />
    <ClInclude Include="src\platform\openGL\resourceManagement\OpenGLResourceManager.h" />
  </ItemGroup>
  <ItemGroup>
    <ClCompile Include="src\core\EntryPoint.cpp">
      <Filter>src\core</Filter>
    </ClCompile>
    <ClCompile Include="src\core\display\InternalWindow.cpp">
      <Filter>src\core\display</Filter>
    </ClCompile>
    <ClCompile Include="src\debug\Log.cpp">
      <Filter>src\debug</Filter>
    </ClCompile>
    <ClCompile Include="src\emeraldengine_pch.cpp">
      <Filter>src</Filter>
    </ClCompile>
    <ClCompile Include="src\platform\openGL\display\OpenGLWindow.cpp">
      <Filter>src\platform\openGL\display</Filter>
    </ClCompile>
    <ClCompile Include="src\platform\openGL\resourceManagement\shader\OpenGLShader.cpp">
      <Filter>src\platform\openGL\resourceManagement\shader</Filter>
    </ClCompile>
    <ClCompile Include="src\platform\openGL\resourceManagement\texture\OpenGLTexture.cpp">
      <Filter>src\platform\openGL\resourceManagement\texture</Filter>
    </ClCompile>
    <ClCompile Include="src\stb_implementation.cpp">
      <Filter>src</Filter>
    </ClCompile>
    <ClCompile Include="src\platform\openGL\resourceManagement\OpenGLResourceManager.cpp" />
  </ItemGroup>
</Project>